
Microsoft Visual Studio Solution File, Format Version 12.00
# Visual Studio 14
VisualStudioVersion = 14.0.25420.1
MinimumVisualStudioVersion = 10.0.40219.1
Project("{FAE04EC0-301F-11D3-BF4B-00C04F79EFBC}") = "PizzaMore.Utility", "PizzaMore.Utility\PizzaMore.Utility.csproj", "{7735530E-C6E3-4109-8EAC-3E870CCEAD64}"
EndProject
Project("{FAE04EC0-301F-11D3-BF4B-00C04F79EFBC}") = "PizzaMore.Data", "PizzaMore.Data\PizzaMore.Data.csproj", "{530D02A3-7C23-4911-B4DA-A2AC96B49CE6}"
EndProject
Project("{FAE04EC0-301F-11D3-BF4B-00C04F79EFBC}") = "PizzaMore.Models", "PizzaMore.Models\PizzaMore.Models.csproj", "{CDB72DCF-681E-4D73-AC08-D89AC83DB570}"
EndProject
Project("{FAE04EC0-301F-11D3-BF4B-00C04F79EFBC}") = "PizzaMore.Home", "PizzaMore.Home\PizzaMore.Home.csproj", "{3D163FC4-85F2-45BA-BE0E-AB4DEC8FCDAB}"
EndProject
Project("{FAE04EC0-301F-11D3-BF4B-00C04F79EFBC}") = "PizzaMore.SignUp", "PizzaMore.SignUp\PizzaMore.SignUp.csproj", "{FC1EB763-BC82-49A0-A49C-4C7330D39B07}"
EndProject
Project("{FAE04EC0-301F-11D3-BF4B-00C04F79EFBC}") = "PizzaMore.SignIn", "PizzaMore.SignIn\PizzaMore.SignIn.csproj", "{FEA48196-87C4-4693-903F-4E7EFE54433C}"
EndProject
Project("{FAE04EC0-301F-11D3-BF4B-00C04F79EFBC}") = "PizzaMore.Menu", "PizzaMore.Menu\PizzaMore.Menu.csproj", "{022AAAFA-0382-4FA7-9F18-83DBE45EA280}"
EndProject
Project("{FAE04EC0-301F-11D3-BF4B-00C04F79EFBC}") = "PizzaMore.AddPizza", "PizzaMore.AddPizza\PizzaMore.AddPizza.csproj", "{58860C68-3304-41B4-AD59-963AD651785F}"
EndProject
Project("{FAE04EC0-301F-11D3-BF4B-00C04F79EFBC}") = "PizzaMore.YourSuggestions", "PizzaMore.YourSuggestions\PizzaMore.YourSuggestions.csproj", "{FD87E754-E969-4A1C-BFE1-47733C663F4D}"
EndProject
Project("{FAE04EC0-301F-11D3-BF4B-00C04F79EFBC}") = "PizzaMore.DetailsPizza", "PizzaMore.DetailsPizza\PizzaMore.DetailsPizza.csproj", "{AA2712C7-5540-4E5F-B308-7183F73BFAF3}"
EndProject
Global
	GlobalSection(SolutionConfigurationPlatforms) = preSolution
		Debug|Any CPU = Debug|Any CPU
		Release|Any CPU = Release|Any CPU
	EndGlobalSection
	GlobalSection(ProjectConfigurationPlatforms) = postSolution
		{7735530E-C6E3-4109-8EAC-3E870CCEAD64}.Debug|Any CPU.ActiveCfg = Debug|Any CPU
		{7735530E-C6E3-4109-8EAC-3E870CCEAD64}.Debug|Any CPU.Build.0 = Debug|Any CPU
		{7735530E-C6E3-4109-8EAC-3E870CCEAD64}.Release|Any CPU.ActiveCfg = Release|Any CPU
		{7735530E-C6E3-4109-8EAC-3E870CCEAD64}.Release|Any CPU.Build.0 = Release|Any CPU
		{530D02A3-7C23-4911-B4DA-A2AC96B49CE6}.Debug|Any CPU.ActiveCfg = Debug|Any CPU
		{530D02A3-7C23-4911-B4DA-A2AC96B49CE6}.Debug|Any CPU.Build.0 = Debug|Any CPU
		{530D02A3-7C23-4911-B4DA-A2AC96B49CE6}.Release|Any CPU.ActiveCfg = Release|Any CPU
		{530D02A3-7C23-4911-B4DA-A2AC96B49CE6}.Release|Any CPU.Build.0 = Release|Any CPU
		{CDB72DCF-681E-4D73-AC08-D89AC83DB570}.Debug|Any CPU.ActiveCfg = Debug|Any CPU
		{CDB72DCF-681E-4D73-AC08-D89AC83DB570}.Debug|Any CPU.Build.0 = Debug|Any CPU
		{CDB72DCF-681E-4D73-AC08-D89AC83DB570}.Release|Any CPU.ActiveCfg = Release|Any CPU
		{CDB72DCF-681E-4D73-AC08-D89AC83DB570}.Release|Any CPU.Build.0 = Release|Any CPU
		{3D163FC4-85F2-45BA-BE0E-AB4DEC8FCDAB}.Debug|Any CPU.ActiveCfg = Debug|Any CPU
		{3D163FC4-85F2-45BA-BE0E-AB4DEC8FCDAB}.Debug|Any CPU.Build.0 = Debug|Any CPU
		{3D163FC4-85F2-45BA-BE0E-AB4DEC8FCDAB}.Release|Any CPU.ActiveCfg = Release|Any CPU
		{3D163FC4-85F2-45BA-BE0E-AB4DEC8FCDAB}.Release|Any CPU.Build.0 = Release|Any CPU
		{FC1EB763-BC82-49A0-A49C-4C7330D39B07}.Debug|Any CPU.ActiveCfg = Debug|Any CPU
		{FC1EB763-BC82-49A0-A49C-4C7330D39B07}.Debug|Any CPU.Build.0 = Debug|Any CPU
		{FC1EB763-BC82-49A0-A49C-4C7330D39B07}.Release|Any CPU.ActiveCfg = Release|Any CPU
		{FC1EB763-BC82-49A0-A49C-4C7330D39B07}.Release|Any CPU.Build.0 = Release|Any CPU
		{FEA48196-87C4-4693-903F-4E7EFE54433C}.Debug|Any CPU.ActiveCfg = Debug|Any CPU
		{FEA48196-87C4-4693-903F-4E7EFE54433C}.Debug|Any CPU.Build.0 = Debug|Any CPU
		{FEA48196-87C4-4693-903F-4E7EFE54433C}.Release|Any CPU.ActiveCfg = Release|Any CPU
		{FEA48196-87C4-4693-903F-4E7EFE54433C}.Release|Any CPU.Build.0 = Release|Any CPU
		{022AAAFA-0382-4FA7-9F18-83DBE45EA280}.Debug|Any CPU.ActiveCfg = Debug|Any CPU
		{022AAAFA-0382-4FA7-9F18-83DBE45EA280}.Debug|Any CPU.Build.0 = Debug|Any CPU
		{022AAAFA-0382-4FA7-9F18-83DBE45EA280}.Release|Any CPU.ActiveCfg = Release|Any CPU
		{022AAAFA-0382-4FA7-9F18-83DBE45EA280}.Release|Any CPU.Build.0 = Release|Any CPU
		{58860C68-3304-41B4-AD59-963AD651785F}.Debug|Any CPU.ActiveCfg = Debug|Any CPU
		{58860C68-3304-41B4-AD59-963AD651785F}.Debug|Any CPU.Build.0 = Debug|Any CPU
		{58860C68-3304-41B4-AD59-963AD651785F}.Release|Any CPU.ActiveCfg = Release|Any CPU
		{58860C68-3304-41B4-AD59-963AD651785F}.Release|Any CPU.Build.0 = Release|Any CPU
		{FD87E754-E969-4A1C-BFE1-47733C663F4D}.Debug|Any CPU.ActiveCfg = Debug|Any CPU
		{FD87E754-E969-4A1C-BFE1-47733C663F4D}.Debug|Any CPU.Build.0 = Debug|Any CPU
		{FD87E754-E969-4A1C-BFE1-47733C663F4D}.Release|Any CPU.ActiveCfg = Release|Any CPU
		{FD87E754-E969-4A1C-BFE1-47733C663F4D}.Release|Any CPU.Build.0 = Release|Any CPU
		{AA2712C7-5540-4E5F-B308-7183F73BFAF3}.Debug|Any CPU.ActiveCfg = Debug|Any CPU
		{AA2712C7-5540-4E5F-B308-7183F73BFAF3}.Debug|Any CPU.Build.0 = Debug|Any CPU
		{AA2712C7-5540-4E5F-B308-7183F73BFAF3}.Release|Any CPU.ActiveCfg = Release|Any CPU
		{AA2712C7-5540-4E5F-B308-7183F73BFAF3}.Release|Any CPU.Build.0 = Release|Any CPU
	EndGlobalSection
	GlobalSection(SolutionProperties) = preSolution
		HideSolutionNode = FALSE
	EndGlobalSection
EndGlobal
